
Microsoft Visual Studio Solution File, Format Version 12.00
# Visual Studio Version 17
VisualStudioVersion = 17.5.33414.496
MinimumVisualStudioVersion = 10.0.40219.1
Project("{FAE04EC0-301F-11D3-BF4B-00C04F79EFBC}") = "BrainBoxAPI", "BrainBoxAPI\BrainBoxAPI.csproj", "{1B640330-0F3D-4106-8879-524E21C60F3A}"
EndProject
Global
	GlobalSection(SolutionConfigurationPlatforms) = preSolution
		Debug|Any CPU = Debug|Any CPU
		Release|Any CPU = Release|Any CPU
	EndGlobalSection
	GlobalSection(ProjectConfigurationPlatforms) = postSolution
		{1B640330-0F3D-4106-8879-524E21C60F3A}.Debug|Any CPU.ActiveCfg = Debug|Any CPU
		{1B640330-0F3D-4106-8879-524E21C60F3A}.Debug|Any CPU.Build.0 = Debug|Any CPU
		{1B640330-0F3D-4106-8879-524E21C60F3A}.Release|Any CPU.ActiveCfg = Release|Any CPU
		{1B640330-0F3D-4106-8879-524E21C60F3A}.Release|Any CPU.Build.0 = Release|Any CPU
	EndGlobalSection
	GlobalSection(SolutionProperties) = preSolution
		HideSolutionNode = FALSE
	EndGlobalSection
	GlobalSection(ExtensibilityGlobals) = postSolution
		SolutionGuid = {BBAD74EA-80FF-41AC-80D0-01D8FA8670DB}
	EndGlobalSection
EndGlobal
